
Microsoft Visual Studio Solution File, Format Version 12.00
# Visual Studio Version 17
VisualStudioVersion = 17.5.002.0
MinimumVisualStudioVersion = 10.0.40219.1
Project("{9A19103F-16F7-4668-BE54-9A1E7A4F7556}") = "BlazorApp", "BlazorApp\BlazorApp.csproj", "{CBB48BAB-9187-4DFC-90C8-57E775654361}"
EndProject
Global
	GlobalSection(SolutionConfigurationPlatforms) = preSolution
		Debug|Any CPU = Debug|Any CPU
		Release|Any CPU = Release|Any CPU
	EndGlobalSection
	GlobalSection(ProjectConfigurationPlatforms) = postSolution
		{CBB48BAB-9187-4DFC-90C8-57E775654361}.Debug|Any CPU.ActiveCfg = Debug|Any CPU
		{CBB48BAB-9187-4DFC-90C8-57E775654361}.Debug|Any CPU.Build.0 = Debug|Any CPU
		{CBB48BAB-9187-4DFC-90C8-57E775654361}.Release|Any CPU.ActiveCfg = Release|Any CPU
		{CBB48BAB-9187-4DFC-90C8-57E775654361}.Release|Any CPU.Build.0 = Release|Any CPU
	EndGlobalSection
	GlobalSection(SolutionProperties) = preSolution
		HideSolutionNode = FALSE
	EndGlobalSection
	GlobalSection(ExtensibilityGlobals) = postSolution
		SolutionGuid = {64042267-A996-4CBD-9CF3-C83F4D774439}
	EndGlobalSection
EndGlobal
