
Microsoft Visual Studio Solution File, Format Version 12.00
# Visual Studio Version 17
VisualStudioVersion = 17.5.002.0
MinimumVisualStudioVersion = 10.0.40219.1
Project("{9A19103F-16F7-4668-BE54-9A1E7A4F7556}") = "LINQ", "LINQ.csproj", "{FA28F9E4-E981-45D5-BA85-4C724E448294}"
EndProject
Global
	GlobalSection(SolutionConfigurationPlatforms) = preSolution
		Debug|Any CPU = Debug|Any CPU
		Release|Any CPU = Release|Any CPU
	EndGlobalSection
	GlobalSection(ProjectConfigurationPlatforms) = postSolution
		{FA28F9E4-E981-45D5-BA85-4C724E448294}.Debug|Any CPU.ActiveCfg = Debug|Any CPU
		{FA28F9E4-E981-45D5-BA85-4C724E448294}.Debug|Any CPU.Build.0 = Debug|Any CPU
		{FA28F9E4-E981-45D5-BA85-4C724E448294}.Release|Any CPU.ActiveCfg = Release|Any CPU
		{FA28F9E4-E981-45D5-BA85-4C724E448294}.Release|Any CPU.Build.0 = Release|Any CPU
	EndGlobalSection
	GlobalSection(SolutionProperties) = preSolution
		HideSolutionNode = FALSE
	EndGlobalSection
	GlobalSection(ExtensibilityGlobals) = postSolution
		SolutionGuid = {7D7A3F50-F8B7-478F-9CF8-84E9C5B9D174}
	EndGlobalSection
EndGlobal
